
Microsoft Visual Studio Solution File, Format Version 12.00
# Visual Studio 2012
Project("{FAE04EC0-301F-11D3-BF4B-00C04F79EFBC}") = "tech", "tech\tech.csproj", "{6F532739-0305-49D3-957A-71C7B6223188}"
EndProject
Global
	GlobalSection(SolutionConfigurationPlatforms) = preSolution
		Debug|Any CPU = Debug|Any CPU
		Release|Any CPU = Release|Any CPU
	EndGlobalSection
	GlobalSection(ProjectConfigurationPlatforms) = postSolution
		{6F532739-0305-49D3-957A-71C7B6223188}.Debug|Any CPU.ActiveCfg = Debug|Any CPU
		{6F532739-0305-49D3-957A-71C7B6223188}.Debug|Any CPU.Build.0 = Debug|Any CPU
		{6F532739-0305-49D3-957A-71C7B6223188}.Release|Any CPU.ActiveCfg = Release|Any CPU
		{6F532739-0305-49D3-957A-71C7B6223188}.Release|Any CPU.Build.0 = Release|Any CPU
	EndGlobalSection
EndGlobal
